
Microsoft Visual Studio Solution File, Format Version 12.00
# Visual Studio Version 17
VisualStudioVersion = 17.9.34622.214
MinimumVisualStudioVersion = 10.0.40219.1
Project("{FAE04EC0-301F-11D3-BF4B-00C04F79EFBC}") = "WebApi", "WebApi\WebApi.csproj", "{39627FEC-9332-4AD9-AC66-3B837E4B6A71}"
EndProject
Global
	GlobalSection(SolutionConfigurationPlatforms) = preSolution
		Debug|Any CPU = Debug|Any CPU
		Release|Any CPU = Release|Any CPU
	EndGlobalSection
	GlobalSection(ProjectConfigurationPlatforms) = postSolution
		{39627FEC-9332-4AD9-AC66-3B837E4B6A71}.Debug|Any CPU.ActiveCfg = Debug|Any CPU
		{39627FEC-9332-4AD9-AC66-3B837E4B6A71}.Debug|Any CPU.Build.0 = Debug|Any CPU
		{39627FEC-9332-4AD9-AC66-3B837E4B6A71}.Release|Any CPU.ActiveCfg = Release|Any CPU
		{39627FEC-9332-4AD9-AC66-3B837E4B6A71}.Release|Any CPU.Build.0 = Release|Any CPU
	EndGlobalSection
	GlobalSection(SolutionProperties) = preSolution
		HideSolutionNode = FALSE
	EndGlobalSection
	GlobalSection(ExtensibilityGlobals) = postSolution
		SolutionGuid = {3EC5B31F-22C4-487C-A8D9-779853F900BC}
	EndGlobalSection
EndGlobal
